
Microsoft Visual Studio Solution File, Format Version 12.00
# Visual Studio Version 17
VisualStudioVersion = 17.8.34408.163
MinimumVisualStudioVersion = 10.0.40219.1
Project("{9A19103F-16F7-4668-BE54-9A1E7A4F7556}") = "MediaManager.Lib", "MediaManager.Lib\MediaManager.Lib.csproj", "{44FD278C-64D8-456D-A0C2-702262867343}"
EndProject
Project("{FAE04EC0-301F-11D3-BF4B-00C04F79EFBC}") = "MediaManager.WIndowsApp", "MediaManager.WIndowsApp\MediaManager.WIndowsApp.csproj", "{7688583D-DB4E-4E50-8DAE-E54014C5A4F5}"
EndProject
Global
	GlobalSection(SolutionConfigurationPlatforms) = preSolution
		Debug|Any CPU = Debug|Any CPU
		Release|Any CPU = Release|Any CPU
	EndGlobalSection
	GlobalSection(ProjectConfigurationPlatforms) = postSolution
		{44FD278C-64D8-456D-A0C2-702262867343}.Debug|Any CPU.ActiveCfg = Debug|Any CPU
		{44FD278C-64D8-456D-A0C2-702262867343}.Debug|Any CPU.Build.0 = Debug|Any CPU
		{44FD278C-64D8-456D-A0C2-702262867343}.Release|Any CPU.ActiveCfg = Release|Any CPU
		{44FD278C-64D8-456D-A0C2-702262867343}.Release|Any CPU.Build.0 = Release|Any CPU
		{7688583D-DB4E-4E50-8DAE-E54014C5A4F5}.Debug|Any CPU.ActiveCfg = Debug|Any CPU
		{7688583D-DB4E-4E50-8DAE-E54014C5A4F5}.Debug|Any CPU.Build.0 = Debug|Any CPU
		{7688583D-DB4E-4E50-8DAE-E54014C5A4F5}.Release|Any CPU.ActiveCfg = Release|Any CPU
		{7688583D-DB4E-4E50-8DAE-E54014C5A4F5}.Release|Any CPU.Build.0 = Release|Any CPU
	EndGlobalSection
	GlobalSection(SolutionProperties) = preSolution
		HideSolutionNode = FALSE
	EndGlobalSection
	GlobalSection(ExtensibilityGlobals) = postSolution
		SolutionGuid = {BEC184CA-1117-43F5-8EA2-06A5D43CA59F}
	EndGlobalSection
EndGlobal
